
Microsoft Visual Studio Solution File, Format Version 12.00
# Visual Studio 15
VisualStudioVersion = 15.0.27703.2035
MinimumVisualStudioVersion = 10.0.40219.1
Project("{FAE04EC0-301F-11D3-BF4B-00C04F79EFBC}") = "ExpenseITv2", "ExpenseITv2\ExpenseITv2.csproj", "{F133277E-1AB7-4C3A-8B48-5C5B415FCC75}"
EndProject
Global
	GlobalSection(SolutionConfigurationPlatforms) = preSolution
		Debug|Any CPU = Debug|Any CPU
		Release|Any CPU = Release|Any CPU
	EndGlobalSection
	GlobalSection(ProjectConfigurationPlatforms) = postSolution
		{F133277E-1AB7-4C3A-8B48-5C5B415FCC75}.Debug|Any CPU.ActiveCfg = Debug|Any CPU
		{F133277E-1AB7-4C3A-8B48-5C5B415FCC75}.Debug|Any CPU.Build.0 = Debug|Any CPU
		{F133277E-1AB7-4C3A-8B48-5C5B415FCC75}.Release|Any CPU.ActiveCfg = Release|Any CPU
		{F133277E-1AB7-4C3A-8B48-5C5B415FCC75}.Release|Any CPU.Build.0 = Release|Any CPU
	EndGlobalSection
	GlobalSection(SolutionProperties) = preSolution
		HideSolutionNode = FALSE
	EndGlobalSection
	GlobalSection(ExtensibilityGlobals) = postSolution
		SolutionGuid = {DA2AA7EE-B499-4697-B71E-5FE3F229D612}
	EndGlobalSection
EndGlobal
